Microsoft Visual Studio Solution File, Format Version 12.00
# Visual Studio Version 17
VisualStudioVersion = 17.9.34407.89
MinimumVisualStudioVersion = 10.0.40219.1
Project("{8BC9CEB8-8B4A-11D0-8D11-00A0C91BC942}") = "TClient", "TClient\TClient.vcxproj", "{0C8C47BD-1181-445F-BB2A-FEE809CBFB8D}"
EndProject
Project("{8BC9CEB8-8B4A-11D0-8D11-00A0C91BC942}") = "TProtocol", "..\TProtocol\TProtocol.vcxproj", "{BA3F0892-64C5-497B-A10C-DAD0CE92B5FC}"
EndProject
Project("{8BC9CEB8-8B4A-11D0-8D11-00A0C91BC942}") = "Engine Lib", "TEngine\Engine Lib\Engine Lib.vcxproj", "{C4A71BAD-3C8E-4F06-B0DB-57DE85FDB0DB}"
EndProject
Project("{8BC9CEB8-8B4A-11D0-8D11-00A0C91BC942}") = "Game Studio", "TEngine\Game Studio\Game Studio.vcxproj", "{BEA3327A-7B2F-4B55-A0DA-0185950D6B14}"
EndProject
Project("{8BC9CEB8-8B4A-11D0-8D11-00A0C91BC942}") = "TachyonControl", "TEngine\TachyonControl\TachyonControl.vcxproj", "{E2C72177-CA42-4CF4-BEBF-E78FECB44E0A}"
EndProject
Project("{8BC9CEB8-8B4A-11D0-8D11-00A0C91BC942}") = "TCML", "TEngine\TCML\TCML.vcxproj", "{0438D87F-42E9-4FD3-8F6D-9D14753231B6}"
EndProject
Project("{8BC9CEB8-8B4A-11D0-8D11-00A0C91BC942}") = "TComp", "TEngine\TComp\TComp.vcxproj", "{5636D24E-B947-4D6B-B411-DF09E5C1ED87}"
EndProject
Project("{8BC9CEB8-8B4A-11D0-8D11-00A0C91BC942}") = "TChartProtect", "Tools\TChartProtect\TChartProtect.vcxproj", "{5500D5C6-8511-4AB0-AD2C-20200D3FA4FF}"
EndProject
Project("{8BC9CEB8-8B4A-11D0-8D11-00A0C91BC942}") = "TCMLParser", "Tools\TCMLParser\TCMLParser.vcxproj", "{D566EBA1-7E47-4666-A14E-54D4202EFA9C}"
EndProject
Project("{8BC9CEB8-8B4A-11D0-8D11-00A0C91BC942}") = "TMeshRegulator", "Tools\TMeshRegulator\TMeshRegulator.vcxproj", "{A1C5B021-420C-47E4-A368-9390C505E10F}"
EndProject
Project("{8BC9CEB8-8B4A-11D0-8D11-00A0C91BC942}") = "TExplorer", "Tools\TExplorer\TExplorer.vcxproj", "{3AF4E6FC-2DF7-4CFC-9979-E71BE475B70B}"
EndProject
Project("{8BC9CEB8-8B4A-11D0-8D11-00A0C91BC942}") = "TMFConvertor", "Tools\TMFConvertor\TMFConvertor.vcxproj", "{A1C5B021-420C-47E4-A368-9390C505E11F}"
EndProject
Project("{8BC9CEB8-8B4A-11D0-8D11-00A0C91BC942}") = "TBuilder", "Tools\TBuilder\TBuilder.vcxproj", "{CBAC7310-EC4B-4488-90B9-7E1A2C6F1866}"
EndProject
Project("{8BC9CEB8-8B4A-11D0-8D11-00A0C91BC942}") = "TQuestEditor", "Tools\TQuestEditor\TQuestEditor.vcxproj", "{A59AE4DD-64B2-4C7C-84E8-7A8B32B6FFE6}"
EndProject
Project("{8BC9CEB8-8B4A-11D0-8D11-00A0C91BC942}") = "TPathMerge", "Tools\TPathMerge\TPathMerge.vcxproj", "{AC56B221-5F12-4005-A601-561E75DF762C}"
EndProject
Project("{8BC9CEB8-8B4A-11D0-8D11-00A0C91BC942}") = "TChatClient", "TChatClient\TChatClient.vcxproj", "{88AEC53E-813C-474B-B34F-D69214480CAB}"
EndProject
Project("{8BC9CEB8-8B4A-11D0-8D11-00A0C91BC942}") = "TMHBuilder", "Tools\TMHBuilder\TMHBuilder.vcxproj", "{5E3B81EB-442B-4AA9-906F-E041558113C2}"
EndProject
Project("{8BC9CEB8-8B4A-11D0-8D11-00A0C91BC942}") = "TMonSpawnInspector", "Tools\TMonSpawnInspector\TMonSpawnInspector.vcxproj", "{95AB9F05-4111-4EBA-8F6A-20E2AE81606D}"
EndProject
Project("{8BC9CEB8-8B4A-11D0-8D11-00A0C91BC942}") = "TPathTime", "Tools\TPathTime\TPathTime.vcxproj", "{84B844D1-1A8D-47C5-A064-101B45AA97C7}"
EndProject
Project("{8BC9CEB8-8B4A-11D0-8D11-00A0C91BC942}") = "TRCImporter", "Tools\TRCImporter\TRCImporter.vcxproj", "{CE94B93C-D641-49A6-B8B5-93A569A328A2}"
EndProject
Project("{8BC9CEB8-8B4A-11D0-8D11-00A0C91BC942}") = "ExportTAF", "TEngine\Plugins\ExportTAF\ExportTAF.vcxproj", "{17C331CA-F2FF-44F1-A13A-8008518EDA51}"
EndProject
Project("{8BC9CEB8-8B4A-11D0-8D11-00A0C91BC942}") = "ExportTMF", "TEngine\Plugins\ExportTMF\ExportTMF.vcxproj", "{E2D93293-8A5C-4F5B-A61E-9720F1BCD7D8}"
EndProject
Project("{8BC9CEB8-8B4A-11D0-8D11-00A0C91BC942}") = "TChart", "TChart\TChart.vcxproj", "{53979323-78CC-4FBA-9AD3-4DCAF95DB742}"
EndProject
Project("{8BC9CEB8-8B4A-11D0-8D11-00A0C91BC942}") = "TConfigMP", "Tools\TConfigMP\TConfigMP.vcxproj", "{1308D307-E045-4D88-9F55-D29B88FA4010}"
EndProject
Project("{8BC9CEB8-8B4A-11D0-8D11-00A0C91BC942}") = "AppLauncher", "Tools\AppLauncher\AppLauncher.vcxproj", "{B2BBC4C0-ADEA-4FFD-BEE7-DE370E0D4850}"
EndProject
Project("{8BC9CEB8-8B4A-11D0-8D11-00A0C91BC942}") = "ClientLauncher", "Tools\ClientLauncher\ClientLauncher.vcxproj", "{FA134234-5695-4214-A124-5B39CE5EB16A}"
EndProject
Project("{8BC9CEB8-8B4A-11D0-8D11-00A0C91BC942}") = "TLoader", "TLoader\TLoader.vcxproj", "{E1A8A689-7780-4223-AAF8-070DEDF095BC}"
EndProject
Project("{8BC9CEB8-8B4A-11D0-8D11-00A0C91BC942}") = "TTranslator", "Tools\TTranslator\TTranslator.vcxproj", "{8CC4C0F2-989D-4EC1-8CA1-9DE29EB10433}"
EndProject
Project("{8BC9CEB8-8B4A-11D0-8D11-00A0C91BC942}") = "TIDHBuilder", "Tools\TIDHBuilder\TIDHBuilder.vcxproj", "{8FDDCF57-5E7C-4F05-8988-2CAF41926A52}"
EndProject
Project("{8BC9CEB8-8B4A-11D0-8D11-00A0C91BC942}") = "TachyonShader", "TEngine\Plugins\TachyonShader\TachyonShader.vcxproj", "{C79359DB-C65F-45D9-9546-EA8EB43D5D1E}"
EndProject
Project("{8BC9CEB8-8B4A-11D0-8D11-00A0C91BC942}") = "TQuestPath", "Tools\TQuestPath\TQuestPath.vcxproj", "{1BF6AFD4-531D-4BA9-B5A8-B6100E8FE767}"
EndProject
Project("{8BC9CEB8-8B4A-11D0-8D11-00A0C91BC942}") = "TChatFilter", "TEngine\TChatFilter\TChatFilter.vcxproj", "{80715B2B-CA2F-462B-A2F7-61EF1FFDEC99}"
EndProject
Project("{8BC9CEB8-8B4A-11D0-8D11-00A0C91BC942}") = "TChatFilterTool", "Tools\TChatFilterTool\TChatFilterTool.vcxproj", "{F268109A-F98E-4120-963D-966235E2595A}"
EndProject
Global
	GlobalSection(SolutionConfigurationPlatforms) = preSolution
		Debug|x64 = Debug|x64
		Debug|x86 = Debug|x86
		Hybrid|x64 = Hybrid|x64
		Hybrid|x86 = Hybrid|x86
		No Build|x64 = No Build|x64
		No Build|x86 = No Build|x86
		Release|x64 = Release|x64
		Release|x86 = Release|x86
		Test Release|x64 = Test Release|x64
		Test Release|x86 = Test Release|x86
	EndGlobalSection
	GlobalSection(ProjectConfigurationPlatforms) = postSolution
		{0C8C47BD-1181-445F-BB2A-FEE809CBFB8D}.Debug|x64.ActiveCfg = Debug|Win32
		{0C8C47BD-1181-445F-BB2A-FEE809CBFB8D}.Debug|x64.Build.0 = Debug|Win32
		{0C8C47BD-1181-445F-BB2A-FEE809CBFB8D}.Debug|x86.ActiveCfg = Debug|Win32
		{0C8C47BD-1181-445F-BB2A-FEE809CBFB8D}.Debug|x86.Build.0 = Debug|Win32
		{0C8C47BD-1181-445F-BB2A-FEE809CBFB8D}.Hybrid|x64.ActiveCfg = Test Release|Win32
		{0C8C47BD-1181-445F-BB2A-FEE809CBFB8D}.Hybrid|x64.Build.0 = Test Release|Win32
		{0C8C47BD-1181-445F-BB2A-FEE809CBFB8D}.Hybrid|x86.ActiveCfg = Test Release|Win32
		{0C8C47BD-1181-445F-BB2A-FEE809CBFB8D}.Hybrid|x86.Build.0 = Test Release|Win32
		{0C8C47BD-1181-445F-BB2A-FEE809CBFB8D}.No Build|x64.ActiveCfg = Debug|Win32
		{0C8C47BD-1181-445F-BB2A-FEE809CBFB8D}.No Build|x64.Build.0 = Debug|Win32
		{0C8C47BD-1181-445F-BB2A-FEE809CBFB8D}.No Build|x86.ActiveCfg = Debug|Win32
		{0C8C47BD-1181-445F-BB2A-FEE809CBFB8D}.No Build|x86.Build.0 = Debug|Win32
		{0C8C47BD-1181-445F-BB2A-FEE809CBFB8D}.Release|x64.ActiveCfg = Release|Win32
		{0C8C47BD-1181-445F-BB2A-FEE809CBFB8D}.Release|x64.Build.0 = Release|Win32
		{0C8C47BD-1181-445F-BB2A-FEE809CBFB8D}.Release|x86.ActiveCfg = Release|Win32
		{0C8C47BD-1181-445F-BB2A-FEE809CBFB8D}.Release|x86.Build.0 = Release|Win32
		{0C8C47BD-1181-445F-BB2A-FEE809CBFB8D}.Test Release|x64.ActiveCfg = Test Release|Win32
		{0C8C47BD-1181-445F-BB2A-FEE809CBFB8D}.Test Release|x64.Build.0 = Test Release|Win32
		{0C8C47BD-1181-445F-BB2A-FEE809CBFB8D}.Test Release|x86.ActiveCfg = Test Release|Win32
		{0C8C47BD-1181-445F-BB2A-FEE809CBFB8D}.Test Release|x86.Build.0 = Test Release|Win32
		{BA3F0892-64C5-497B-A10C-DAD0CE92B5FC}.Debug|x64.ActiveCfg = No Build|Win32
		{BA3F0892-64C5-497B-A10C-DAD0CE92B5FC}.Debug|x86.ActiveCfg = No Build|Win32
		{BA3F0892-64C5-497B-A10C-DAD0CE92B5FC}.Hybrid|x64.ActiveCfg = No Build|Win32
		{BA3F0892-64C5-497B-A10C-DAD0CE92B5FC}.Hybrid|x64.Build.0 = No Build|Win32
		{BA3F0892-64C5-497B-A10C-DAD0CE92B5FC}.Hybrid|x86.ActiveCfg = No Build|Win32
		{BA3F0892-64C5-497B-A10C-DAD0CE92B5FC}.Hybrid|x86.Build.0 = No Build|Win32
		{BA3F0892-64C5-497B-A10C-DAD0CE92B5FC}.No Build|x64.ActiveCfg = No Build|Win32
		{BA3F0892-64C5-497B-A10C-DAD0CE92B5FC}.No Build|x64.Build.0 = No Build|Win32
		{BA3F0892-64C5-497B-A10C-DAD0CE92B5FC}.No Build|x86.ActiveCfg = No Build|Win32
		{BA3F0892-64C5-497B-A10C-DAD0CE92B5FC}.No Build|x86.Build.0 = No Build|Win32
		{BA3F0892-64C5-497B-A10C-DAD0CE92B5FC}.Release|x64.ActiveCfg = No Build|Win32
		{BA3F0892-64C5-497B-A10C-DAD0CE92B5FC}.Release|x86.ActiveCfg = No Build|Win32
		{BA3F0892-64C5-497B-A10C-DAD0CE92B5FC}.Test Release|x64.ActiveCfg = No Build|Win32
		{BA3F0892-64C5-497B-A10C-DAD0CE92B5FC}.Test Release|x86.ActiveCfg = No Build|Win32
		{C4A71BAD-3C8E-4F06-B0DB-57DE85FDB0DB}.Debug|x64.ActiveCfg = Debug|Win32
		{C4A71BAD-3C8E-4F06-B0DB-57DE85FDB0DB}.Debug|x64.Build.0 = Debug|Win32
		{C4A71BAD-3C8E-4F06-B0DB-57DE85FDB0DB}.Debug|x86.ActiveCfg = Debug|Win32
		{C4A71BAD-3C8E-4F06-B0DB-57DE85FDB0DB}.Debug|x86.Build.0 = Debug|Win32
		{C4A71BAD-3C8E-4F06-B0DB-57DE85FDB0DB}.Hybrid|x64.ActiveCfg = Test Release|Win32
		{C4A71BAD-3C8E-4F06-B0DB-57DE85FDB0DB}.Hybrid|x64.Build.0 = Test Release|Win32
		{C4A71BAD-3C8E-4F06-B0DB-57DE85FDB0DB}.Hybrid|x86.ActiveCfg = Test Release|Win32
		{C4A71BAD-3C8E-4F06-B0DB-57DE85FDB0DB}.Hybrid|x86.Build.0 = Test Release|Win32
		{C4A71BAD-3C8E-4F06-B0DB-57DE85FDB0DB}.No Build|x64.ActiveCfg = Debug|Win32
		{C4A71BAD-3C8E-4F06-B0DB-57DE85FDB0DB}.No Build|x64.Build.0 = Debug|Win32
		{C4A71BAD-3C8E-4F06-B0DB-57DE85FDB0DB}.No Build|x86.ActiveCfg = Debug|Win32
		{C4A71BAD-3C8E-4F06-B0DB-57DE85FDB0DB}.No Build|x86.Build.0 = Debug|Win32
		{C4A71BAD-3C8E-4F06-B0DB-57DE85FDB0DB}.Release|x64.ActiveCfg = Release|Win32
		{C4A71BAD-3C8E-4F06-B0DB-57DE85FDB0DB}.Release|x64.Build.0 = Release|Win32
		{C4A71BAD-3C8E-4F06-B0DB-57DE85FDB0DB}.Release|x86.ActiveCfg = Release|Win32
		{C4A71BAD-3C8E-4F06-B0DB-57DE85FDB0DB}.Release|x86.Build.0 = Release|Win32
		{C4A71BAD-3C8E-4F06-B0DB-57DE85FDB0DB}.Test Release|x64.ActiveCfg = Test Release|Win32
		{C4A71BAD-3C8E-4F06-B0DB-57DE85FDB0DB}.Test Release|x64.Build.0 = Test Release|Win32
		{C4A71BAD-3C8E-4F06-B0DB-57DE85FDB0DB}.Test Release|x86.ActiveCfg = Test Release|Win32
		{C4A71BAD-3C8E-4F06-B0DB-57DE85FDB0DB}.Test Release|x86.Build.0 = Test Release|Win32
		{BEA3327A-7B2F-4B55-A0DA-0185950D6B14}.Debug|x64.ActiveCfg = Debug|Win32
		{BEA3327A-7B2F-4B55-A0DA-0185950D6B14}.Debug|x64.Build.0 = Debug|Win32
		{BEA3327A-7B2F-4B55-A0DA-0185950D6B14}.Debug|x86.ActiveCfg = Debug|Win32
		{BEA3327A-7B2F-4B55-A0DA-0185950D6B14}.Debug|x86.Build.0 = Debug|Win32
		{BEA3327A-7B2F-4B55-A0DA-0185950D6B14}.Hybrid|x64.ActiveCfg = Test Release|Win32
		{BEA3327A-7B2F-4B55-A0DA-0185950D6B14}.Hybrid|x64.Build.0 = Test Release|Win32
		{BEA3327A-7B2F-4B55-A0DA-0185950D6B14}.Hybrid|x86.ActiveCfg = Test Release|Win32
		{BEA3327A-7B2F-4B55-A0DA-0185950D6B14}.Hybrid|x86.Build.0 = Test Release|Win32
		{BEA3327A-7B2F-4B55-A0DA-0185950D6B14}.No Build|x64.ActiveCfg = Debug|Win32
		{BEA3327A-7B2F-4B55-A0DA-0185950D6B14}.No Build|x64.Build.0 = Debug|Win32
		{BEA3327A-7B2F-4B55-A0DA-0185950D6B14}.No Build|x86.ActiveCfg = Debug|Win32
		{BEA3327A-7B2F-4B55-A0DA-0185950D6B14}.No Build|x86.Build.0 = Debug|Win32
		{BEA3327A-7B2F-4B55-A0DA-0185950D6B14}.Release|x64.ActiveCfg = Release|Win32
		{BEA3327A-7B2F-4B55-A0DA-0185950D6B14}.Release|x64.Build.0 = Release|Win32
		{BEA3327A-7B2F-4B55-A0DA-0185950D6B14}.Release|x86.ActiveCfg = Release|Win32
		{BEA3327A-7B2F-4B55-A0DA-0185950D6B14}.Release|x86.Build.0 = Release|Win32
		{BEA3327A-7B2F-4B55-A0DA-0185950D6B14}.Test Release|x64.ActiveCfg = Test Release|Win32
		{BEA3327A-7B2F-4B55-A0DA-0185950D6B14}.Test Release|x64.Build.0 = Test Release|Win32
		{BEA3327A-7B2F-4B55-A0DA-0185950D6B14}.Test Release|x86.ActiveCfg = Test Release|Win32
		{BEA3327A-7B2F-4B55-A0DA-0185950D6B14}.Test Release|x86.Build.0 = Test Release|Win32
		{E2C72177-CA42-4CF4-BEBF-E78FECB44E0A}.Debug|x64.ActiveCfg = Debug|Win32
		{E2C72177-CA42-4CF4-BEBF-E78FECB44E0A}.Debug|x64.Build.0 = Debug|Win32
		{E2C72177-CA42-4CF4-BEBF-E78FECB44E0A}.Debug|x86.ActiveCfg = Debug|Win32
		{E2C72177-CA42-4CF4-BEBF-E78FECB44E0A}.Debug|x86.Build.0 = Debug|Win32
		{E2C72177-CA42-4CF4-BEBF-E78FECB44E0A}.Hybrid|x64.ActiveCfg = Release|Win32
		{E2C72177-CA42-4CF4-BEBF-E78FECB44E0A}.Hybrid|x64.Build.0 = Release|Win32
		{E2C72177-CA42-4CF4-BEBF-E78FECB44E0A}.Hybrid|x86.ActiveCfg = Release|Win32
		{E2C72177-CA42-4CF4-BEBF-E78FECB44E0A}.Hybrid|x86.Build.0 = Release|Win32
		{E2C72177-CA42-4CF4-BEBF-E78FECB44E0A}.No Build|x64.ActiveCfg = Debug|Win32
		{E2C72177-CA42-4CF4-BEBF-E78FECB44E0A}.No Build|x64.Build.0 = Debug|Win32
		{E2C72177-CA42-4CF4-BEBF-E78FECB44E0A}.No Build|x86.ActiveCfg = Debug|Win32
		{E2C72177-CA42-4CF4-BEBF-E78FECB44E0A}.No Build|x86.Build.0 = Debug|Win32
		{E2C72177-CA42-4CF4-BEBF-E78FECB44E0A}.Release|x64.ActiveCfg = Release|Win32
		{E2C72177-CA42-4CF4-BEBF-E78FECB44E0A}.Release|x64.Build.0 = Release|Win32
		{E2C72177-CA42-4CF4-BEBF-E78FECB44E0A}.Release|x86.ActiveCfg = Release|Win32
		{E2C72177-CA42-4CF4-BEBF-E78FECB44E0A}.Release|x86.Build.0 = Release|Win32
		{E2C72177-CA42-4CF4-BEBF-E78FECB44E0A}.Test Release|x64.ActiveCfg = Release|Win32
		{E2C72177-CA42-4CF4-BEBF-E78FECB44E0A}.Test Release|x64.Build.0 = Release|Win32
		{E2C72177-CA42-4CF4-BEBF-E78FECB44E0A}.Test Release|x86.ActiveCfg = Release|Win32
		{E2C72177-CA42-4CF4-BEBF-E78FECB44E0A}.Test Release|x86.Build.0 = Release|Win32
		{0438D87F-42E9-4FD3-8F6D-9D14753231B6}.Debug|x64.ActiveCfg = Debug|Win32
		{0438D87F-42E9-4FD3-8F6D-9D14753231B6}.Debug|x64.Build.0 = Debug|Win32
		{0438D87F-42E9-4FD3-8F6D-9D14753231B6}.Debug|x86.ActiveCfg = Debug|Win32
		{0438D87F-42E9-4FD3-8F6D-9D14753231B6}.Debug|x86.Build.0 = Debug|Win32
		{0438D87F-42E9-4FD3-8F6D-9D14753231B6}.Hybrid|x64.ActiveCfg = Debug|Win32
		{0438D87F-42E9-4FD3-8F6D-9D14753231B6}.Hybrid|x64.Build.0 = Debug|Win32
		{0438D87F-42E9-4FD3-8F6D-9D14753231B6}.Hybrid|x86.ActiveCfg = Debug|Win32
		{0438D87F-42E9-4FD3-8F6D-9D14753231B6}.Hybrid|x86.Build.0 = Debug|Win32
		{0438D87F-42E9-4FD3-8F6D-9D14753231B6}.No Build|x64.ActiveCfg = Debug|Win32
		{0438D87F-42E9-4FD3-8F6D-9D14753231B6}.No Build|x64.Build.0 = Debug|Win32
		{0438D87F-42E9-4FD3-8F6D-9D14753231B6}.No Build|x86.ActiveCfg = Debug|Win32
		{0438D87F-42E9-4FD3-8F6D-9D14753231B6}.No Build|x86.Build.0 = Debug|Win32
		{0438D87F-42E9-4FD3-8F6D-9D14753231B6}.Release|x64.ActiveCfg = Release|Win32
		{0438D87F-42E9-4FD3-8F6D-9D14753231B6}.Release|x64.Build.0 = Release|Win32
		{0438D87F-42E9-4FD3-8F6D-9D14753231B6}.Release|x86.ActiveCfg = Release|Win32
		{0438D87F-42E9-4FD3-8F6D-9D14753231B6}.Release|x86.Build.0 = Release|Win32
		{0438D87F-42E9-4FD3-8F6D-9D14753231B6}.Test Release|x64.ActiveCfg = Release|Win32
		{0438D87F-42E9-4FD3-8F6D-9D14753231B6}.Test Release|x64.Build.0 = Release|Win32
		{0438D87F-42E9-4FD3-8F6D-9D14753231B6}.Test Release|x86.ActiveCfg = Release|Win32
		{0438D87F-42E9-4FD3-8F6D-9D14753231B6}.Test Release|x86.Build.0 = Release|Win32
		{5636D24E-B947-4D6B-B411-DF09E5C1ED87}.Debug|x64.ActiveCfg = Debug|x64
		{5636D24E-B947-4D6B-B411-DF09E5C1ED87}.Debug|x64.Build.0 = Debug|x64
		{5636D24E-B947-4D6B-B411-DF09E5C1ED87}.Debug|x86.ActiveCfg = Debug|Win32
		{5636D24E-B947-4D6B-B411-DF09E5C1ED87}.Debug|x86.Build.0 = Debug|Win32
		{5636D24E-B947-4D6B-B411-DF09E5C1ED87}.Hybrid|x64.ActiveCfg = Test Release|x64
		{5636D24E-B947-4D6B-B411-DF09E5C1ED87}.Hybrid|x64.Build.0 = Test Release|x64
		{5636D24E-B947-4D6B-B411-DF09E5C1ED87}.Hybrid|x86.ActiveCfg = Test Release|Win32
		{5636D24E-B947-4D6B-B411-DF09E5C1ED87}.Hybrid|x86.Build.0 = Test Release|Win32
		{5636D24E-B947-4D6B-B411-DF09E5C1ED87}.No Build|x64.ActiveCfg = Test Release|x64
		{5636D24E-B947-4D6B-B411-DF09E5C1ED87}.No Build|x64.Build.0 = Test Release|x64
		{5636D24E-B947-4D6B-B411-DF09E5C1ED87}.No Build|x86.ActiveCfg = Debug|Win32
		{5636D24E-B947-4D6B-B411-DF09E5C1ED87}.No Build|x86.Build.0 = Debug|Win32
		{5636D24E-B947-4D6B-B411-DF09E5C1ED87}.Release|x64.ActiveCfg = Release|x64
		{5636D24E-B947-4D6B-B411-DF09E5C1ED87}.Release|x64.Build.0 = Release|x64
		{5636D24E-B947-4D6B-B411-DF09E5C1ED87}.Release|x86.ActiveCfg = Release|Win32
		{5636D24E-B947-4D6B-B411-DF09E5C1ED87}.Release|x86.Build.0 = Release|Win32
		{5636D24E-B947-4D6B-B411-DF09E5C1ED87}.Test Release|x64.ActiveCfg = Test Release|x64
		{5636D24E-B947-4D6B-B411-DF09E5C1ED87}.Test Release|x64.Build.0 = Test Release|x64
		{5636D24E-B947-4D6B-B411-DF09E5C1ED87}.Test Release|x86.ActiveCfg = Test Release|Win32
		{5636D24E-B947-4D6B-B411-DF09E5C1ED87}.Test Release|x86.Build.0 = Test Release|Win32
		{5500D5C6-8511-4AB0-AD2C-20200D3FA4FF}.Debug|x64.ActiveCfg = Debug|Win32
		{5500D5C6-8511-4AB0-AD2C-20200D3FA4FF}.Debug|x64.Build.0 = Debug|Win32
		{5500D5C6-8511-4AB0-AD2C-20200D3FA4FF}.Debug|x86.ActiveCfg = Debug|Win32
		{5500D5C6-8511-4AB0-AD2C-20200D3FA4FF}.Debug|x86.Build.0 = Debug|Win32
		{5500D5C6-8511-4AB0-AD2C-20200D3FA4FF}.Hybrid|x64.ActiveCfg = Release|Win32
		{5500D5C6-8511-4AB0-AD2C-20200D3FA4FF}.Hybrid|x64.Build.0 = Release|Win32
		{5500D5C6-8511-4AB0-AD2C-20200D3FA4FF}.Hybrid|x86.ActiveCfg = Release|Win32
		{5500D5C6-8511-4AB0-AD2C-20200D3FA4FF}.Hybrid|x86.Build.0 = Release|Win32
		{5500D5C6-8511-4AB0-AD2C-20200D3FA4FF}.No Build|x64.ActiveCfg = Debug|Win32
		{5500D5C6-8511-4AB0-AD2C-20200D3FA4FF}.No Build|x64.Build.0 = Debug|Win32
		{5500D5C6-8511-4AB0-AD2C-20200D3FA4FF}.No Build|x86.ActiveCfg = Debug|Win32
		{5500D5C6-8511-4AB0-AD2C-20200D3FA4FF}.No Build|x86.Build.0 = Debug|Win32
		{5500D5C6-8511-4AB0-AD2C-20200D3FA4FF}.Release|x64.ActiveCfg = Release|Win32
		{5500D5C6-8511-4AB0-AD2C-20200D3FA4FF}.Release|x64.Build.0 = Release|Win32
		{5500D5C6-8511-4AB0-AD2C-20200D3FA4FF}.Release|x86.ActiveCfg = Release|Win32
		{5500D5C6-8511-4AB0-AD2C-20200D3FA4FF}.Release|x86.Build.0 = Release|Win32
		{5500D5C6-8511-4AB0-AD2C-20200D3FA4FF}.Test Release|x64.ActiveCfg = Release|Win32
		{5500D5C6-8511-4AB0-AD2C-20200D3FA4FF}.Test Release|x64.Build.0 = Release|Win32
		{5500D5C6-8511-4AB0-AD2C-20200D3FA4FF}.Test Release|x86.ActiveCfg = Release|Win32
		{5500D5C6-8511-4AB0-AD2C-20200D3FA4FF}.Test Release|x86.Build.0 = Release|Win32
		{D566EBA1-7E47-4666-A14E-54D4202EFA9C}.Debug|x64.ActiveCfg = Debug|Win32
		{D566EBA1-7E47-4666-A14E-54D4202EFA9C}.Debug|x64.Build.0 = Debug|Win32
		{D566EBA1-7E47-4666-A14E-54D4202EFA9C}.Debug|x86.ActiveCfg = Debug|Win32
		{D566EBA1-7E47-4666-A14E-54D4202EFA9C}.Debug|x86.Build.0 = Debug|Win32
		{D566EBA1-7E47-4666-A14E-54D4202EFA9C}.Hybrid|x64.ActiveCfg = Release|Win32
		{D566EBA1-7E47-4666-A14E-54D4202EFA9C}.Hybrid|x64.Build.0 = Release|Win32
		{D566EBA1-7E47-4666-A14E-54D4202EFA9C}.Hybrid|x86.ActiveCfg = Release|Win32
		{D566EBA1-7E47-4666-A14E-54D4202EFA9C}.Hybrid|x86.Build.0 = Release|Win32
		{D566EBA1-7E47-4666-A14E-54D4202EFA9C}.No Build|x64.ActiveCfg = Debug|Win32
		{D566EBA1-7E47-4666-A14E-54D4202EFA9C}.No Build|x64.Build.0 = Debug|Win32
		{D566EBA1-7E47-4666-A14E-54D4202EFA9C}.No Build|x86.ActiveCfg = Debug|Win32
		{D566EBA1-7E47-4666-A14E-54D4202EFA9C}.No Build|x86.Build.0 = Debug|Win32
		{D566EBA1-7E47-4666-A14E-54D4202EFA9C}.Release|x64.ActiveCfg = Release|Win32
		{D566EBA1-7E47-4666-A14E-54D4202EFA9C}.Release|x64.Build.0 = Release|Win32
		{D566EBA1-7E47-4666-A14E-54D4202EFA9C}.Release|x86.ActiveCfg = Release|Win32
		{D566EBA1-7E47-4666-A14E-54D4202EFA9C}.Release|x86.Build.0 = Release|Win32
		{D566EBA1-7E47-4666-A14E-54D4202EFA9C}.Test Release|x64.ActiveCfg = Release|Win32
		{D566EBA1-7E47-4666-A14E-54D4202EFA9C}.Test Release|x64.Build.0 = Release|Win32
		{D566EBA1-7E47-4666-A14E-54D4202EFA9C}.Test Release|x86.ActiveCfg = Release|Win32
		{D566EBA1-7E47-4666-A14E-54D4202EFA9C}.Test Release|x86.Build.0 = Release|Win32
		{A1C5B021-420C-47E4-A368-9390C505E10F}.Debug|x64.ActiveCfg = Debug|Win32
		{A1C5B021-420C-47E4-A368-9390C505E10F}.Debug|x64.Build.0 = Debug|Win32
		{A1C5B021-420C-47E4-A368-9390C505E10F}.Debug|x86.ActiveCfg = Debug|Win32
		{A1C5B021-420C-47E4-A368-9390C505E10F}.Debug|x86.Build.0 = Debug|Win32
		{A1C5B021-420C-47E4-A368-9390C505E10F}.Hybrid|x64.ActiveCfg = Release|Win32
		{A1C5B021-420C-47E4-A368-9390C505E10F}.Hybrid|x64.Build.0 = Release|Win32
		{A1C5B021-420C-47E4-A368-9390C505E10F}.Hybrid|x86.ActiveCfg = Release|Win32
		{A1C5B021-420C-47E4-A368-9390C505E10F}.Hybrid|x86.Build.0 = Release|Win32
		{A1C5B021-420C-47E4-A368-9390C505E10F}.No Build|x64.ActiveCfg = Debug|Win32
		{A1C5B021-420C-47E4-A368-9390C505E10F}.No Build|x64.Build.0 = Debug|Win32
		{A1C5B021-420C-47E4-A368-9390C505E10F}.No Build|x86.ActiveCfg = Debug|Win32
		{A1C5B021-420C-47E4-A368-9390C505E10F}.No Build|x86.Build.0 = Debug|Win32
		{A1C5B021-420C-47E4-A368-9390C505E10F}.Release|x64.ActiveCfg = Release|Win32
		{A1C5B021-420C-47E4-A368-9390C505E10F}.Release|x64.Build.0 = Release|Win32
		{A1C5B021-420C-47E4-A368-9390C505E10F}.Release|x86.ActiveCfg = Release|Win32
		{A1C5B021-420C-47E4-A368-9390C505E10F}.Release|x86.Build.0 = Release|Win32
		{A1C5B021-420C-47E4-A368-9390C505E10F}.Test Release|x64.ActiveCfg = Release|Win32
		{A1C5B021-420C-47E4-A368-9390C505E10F}.Test Release|x64.Build.0 = Release|Win32
		{A1C5B021-420C-47E4-A368-9390C505E10F}.Test Release|x86.ActiveCfg = Release|Win32
		{A1C5B021-420C-47E4-A368-9390C505E10F}.Test Release|x86.Build.0 = Release|Win32
		{3AF4E6FC-2DF7-4CFC-9979-E71BE475B70B}.Debug|x64.ActiveCfg = Debug|Win32
		{3AF4E6FC-2DF7-4CFC-9979-E71BE475B70B}.Debug|x64.Build.0 = Debug|Win32
		{3AF4E6FC-2DF7-4CFC-9979-E71BE475B70B}.Debug|x86.ActiveCfg = Debug|Win32
		{3AF4E6FC-2DF7-4CFC-9979-E71BE475B70B}.Debug|x86.Build.0 = Debug|Win32
		{3AF4E6FC-2DF7-4CFC-9979-E71BE475B70B}.Hybrid|x64.ActiveCfg = Test Release|Win32
		{3AF4E6FC-2DF7-4CFC-9979-E71BE475B70B}.Hybrid|x64.Build.0 = Test Release|Win32
		{3AF4E6FC-2DF7-4CFC-9979-E71BE475B70B}.Hybrid|x86.ActiveCfg = Test Release|Win32
		{3AF4E6FC-2DF7-4CFC-9979-E71BE475B70B}.Hybrid|x86.Build.0 = Test Release|Win32
		{3AF4E6FC-2DF7-4CFC-9979-E71BE475B70B}.No Build|x64.ActiveCfg = Debug|Win32
		{3AF4E6FC-2DF7-4CFC-9979-E71BE475B70B}.No Build|x64.Build.0 = Debug|Win32
		{3AF4E6FC-2DF7-4CFC-9979-E71BE475B70B}.No Build|x86.ActiveCfg = Debug|Win32
		{3AF4E6FC-2DF7-4CFC-9979-E71BE475B70B}.No Build|x86.Build.0 = Debug|Win32
		{3AF4E6FC-2DF7-4CFC-9979-E71BE475B70B}.Release|x64.ActiveCfg = Release|Win32
		{3AF4E6FC-2DF7-4CFC-9979-E71BE475B70B}.Release|x64.Build.0 = Release|Win32
		{3AF4E6FC-2DF7-4CFC-9979-E71BE475B70B}.Release|x86.ActiveCfg = Release|Win32
		{3AF4E6FC-2DF7-4CFC-9979-E71BE475B70B}.Release|x86.Build.0 = Release|Win32
		{3AF4E6FC-2DF7-4CFC-9979-E71BE475B70B}.Test Release|x64.ActiveCfg = Test Release|Win32
		{3AF4E6FC-2DF7-4CFC-9979-E71BE475B70B}.Test Release|x64.Build.0 = Test Release|Win32
		{3AF4E6FC-2DF7-4CFC-9979-E71BE475B70B}.Test Release|x86.ActiveCfg = Test Release|Win32
		{3AF4E6FC-2DF7-4CFC-9979-E71BE475B70B}.Test Release|x86.Build.0 = Test Release|Win32
		{A1C5B021-420C-47E4-A368-9390C505E11F}.Debug|x64.ActiveCfg = Debug|Win32
		{A1C5B021-420C-47E4-A368-9390C505E11F}.Debug|x64.Build.0 = Debug|Win32
		{A1C5B021-420C-47E4-A368-9390C505E11F}.Debug|x86.ActiveCfg = Debug|Win32
		{A1C5B021-420C-47E4-A368-9390C505E11F}.Debug|x86.Build.0 = Debug|Win32
		{A1C5B021-420C-47E4-A368-9390C505E11F}.Hybrid|x64.ActiveCfg = Release|Win32
		{A1C5B021-420C-47E4-A368-9390C505E11F}.Hybrid|x64.Build.0 = Release|Win32
		{A1C5B021-420C-47E4-A368-9390C505E11F}.Hybrid|x86.ActiveCfg = Release|Win32
		{A1C5B021-420C-47E4-A368-9390C505E11F}.Hybrid|x86.Build.0 = Release|Win32
		{A1C5B021-420C-47E4-A368-9390C505E11F}.No Build|x64.ActiveCfg = Debug|Win32
		{A1C5B021-420C-47E4-A368-9390C505E11F}.No Build|x64.Build.0 = Debug|Win32
		{A1C5B021-420C-47E4-A368-9390C505E11F}.No Build|x86.ActiveCfg = Debug|Win32
		{A1C5B021-420C-47E4-A368-9390C505E11F}.No Build|x86.Build.0 = Debug|Win32
		{A1C5B021-420C-47E4-A368-9390C505E11F}.Release|x64.ActiveCfg = Release|Win32
		{A1C5B021-420C-47E4-A368-9390C505E11F}.Release|x64.Build.0 = Release|Win32
		{A1C5B021-420C-47E4-A368-9390C505E11F}.Release|x86.ActiveCfg = Release|Win32
		{A1C5B021-420C-47E4-A368-9390C505E11F}.Release|x86.Build.0 = Release|Win32
		{A1C5B021-420C-47E4-A368-9390C505E11F}.Test Release|x64.ActiveCfg = Release|Win32
		{A1C5B021-420C-47E4-A368-9390C505E11F}.Test Release|x64.Build.0 = Release|Win32
		{A1C5B021-420C-47E4-A368-9390C505E11F}.Test Release|x86.ActiveCfg = Release|Win32
		{A1C5B021-420C-47E4-A368-9390C505E11F}.Test Release|x86.Build.0 = Release|Win32
		{CBAC7310-EC4B-4488-90B9-7E1A2C6F1866}.Debug|x64.ActiveCfg = Debug|Win32
		{CBAC7310-EC4B-4488-90B9-7E1A2C6F1866}.Debug|x64.Build.0 = Debug|Win32
		{CBAC7310-EC4B-4488-90B9-7E1A2C6F1866}.Debug|x86.ActiveCfg = Debug|Win32
		{CBAC7310-EC4B-4488-90B9-7E1A2C6F1866}.Debug|x86.Build.0 = Debug|Win32
		{CBAC7310-EC4B-4488-90B9-7E1A2C6F1866}.Hybrid|x64.ActiveCfg = Test Release|Win32
		{CBAC7310-EC4B-4488-90B9-7E1A2C6F1866}.Hybrid|x64.Build.0 = Test Release|Win32
		{CBAC7310-EC4B-4488-90B9-7E1A2C6F1866}.Hybrid|x86.ActiveCfg = Test Release|Win32
		{CBAC7310-EC4B-4488-90B9-7E1A2C6F1866}.Hybrid|x86.Build.0 = Test Release|Win32
		{CBAC7310-EC4B-4488-90B9-7E1A2C6F1866}.No Build|x64.ActiveCfg = Debug|Win32
		{CBAC7310-EC4B-4488-90B9-7E1A2C6F1866}.No Build|x64.Build.0 = Debug|Win32
		{CBAC7310-EC4B-4488-90B9-7E1A2C6F1866}.No Build|x86.ActiveCfg = Debug|Win32
		{CBAC7310-EC4B-4488-90B9-7E1A2C6F1866}.No Build|x86.Build.0 = Debug|Win32
		{CBAC7310-EC4B-4488-90B9-7E1A2C6F1866}.Release|x64.ActiveCfg = Release|Win32
		{CBAC7310-EC4B-4488-90B9-7E1A2C6F1866}.Release|x64.Build.0 = Release|Win32
		{CBAC7310-EC4B-4488-90B9-7E1A2C6F1866}.Release|x86.ActiveCfg = Release|Win32
		{CBAC7310-EC4B-4488-90B9-7E1A2C6F1866}.Release|x86.Build.0 = Release|Win32
		{CBAC7310-EC4B-4488-90B9-7E1A2C6F1866}.Test Release|x64.ActiveCfg = Test Release|Win32
		{CBAC7310-EC4B-4488-90B9-7E1A2C6F1866}.Test Release|x64.Build.0 = Test Release|Win32
		{CBAC7310-EC4B-4488-90B9-7E1A2C6F1866}.Test Release|x86.ActiveCfg = Test Release|Win32
		{CBAC7310-EC4B-4488-90B9-7E1A2C6F1866}.Test Release|x86.Build.0 = Test Release|Win32
		{A59AE4DD-64B2-4C7C-84E8-7A8B32B6FFE6}.Debug|x64.ActiveCfg = Debug|Win32
		{A59AE4DD-64B2-4C7C-84E8-7A8B32B6FFE6}.Debug|x64.Build.0 = Debug|Win32
		{A59AE4DD-64B2-4C7C-84E8-7A8B32B6FFE6}.Debug|x86.ActiveCfg = Debug|Win32
		{A59AE4DD-64B2-4C7C-84E8-7A8B32B6FFE6}.Debug|x86.Build.0 = Debug|Win32
		{A59AE4DD-64B2-4C7C-84E8-7A8B32B6FFE6}.Hybrid|x64.ActiveCfg = Debug|Win32
		{A59AE4DD-64B2-4C7C-84E8-7A8B32B6FFE6}.Hybrid|x64.Build.0 = Debug|Win32
		{A59AE4DD-64B2-4C7C-84E8-7A8B32B6FFE6}.Hybrid|x86.ActiveCfg = Debug|Win32
		{A59AE4DD-64B2-4C7C-84E8-7A8B32B6FFE6}.Hybrid|x86.Build.0 = Debug|Win32
		{A59AE4DD-64B2-4C7C-84E8-7A8B32B6FFE6}.No Build|x64.ActiveCfg = Debug|Win32
		{A59AE4DD-64B2-4C7C-84E8-7A8B32B6FFE6}.No Build|x64.Build.0 = Debug|Win32
		{A59AE4DD-64B2-4C7C-84E8-7A8B32B6FFE6}.No Build|x86.ActiveCfg = Debug|Win32
		{A59AE4DD-64B2-4C7C-84E8-7A8B32B6FFE6}.No Build|x86.Build.0 = Debug|Win32
		{A59AE4DD-64B2-4C7C-84E8-7A8B32B6FFE6}.Release|x64.ActiveCfg = Release|Win32
		{A59AE4DD-64B2-4C7C-84E8-7A8B32B6FFE6}.Release|x64.Build.0 = Release|Win32
		{A59AE4DD-64B2-4C7C-84E8-7A8B32B6FFE6}.Release|x86.ActiveCfg = Release|Win32
		{A59AE4DD-64B2-4C7C-84E8-7A8B32B6FFE6}.Release|x86.Build.0 = Release|Win32
		{A59AE4DD-64B2-4C7C-84E8-7A8B32B6FFE6}.Test Release|x64.ActiveCfg = Release|Win32
		{A59AE4DD-64B2-4C7C-84E8-7A8B32B6FFE6}.Test Release|x64.Build.0 = Release|Win32
		{A59AE4DD-64B2-4C7C-84E8-7A8B32B6FFE6}.Test Release|x86.ActiveCfg = Release|Win32
		{A59AE4DD-64B2-4C7C-84E8-7A8B32B6FFE6}.Test Release|x86.Build.0 = Release|Win32
		{AC56B221-5F12-4005-A601-561E75DF762C}.Debug|x64.ActiveCfg = Debug|Win32
		{AC56B221-5F12-4005-A601-561E75DF762C}.Debug|x64.Build.0 = Debug|Win32
		{AC56B221-5F12-4005-A601-561E75DF762C}.Debug|x86.ActiveCfg = Debug|Win32
		{AC56B221-5F12-4005-A601-561E75DF762C}.Debug|x86.Build.0 = Debug|Win32
		{AC56B221-5F12-4005-A601-561E75DF762C}.Hybrid|x64.ActiveCfg = Release|Win32
		{AC56B221-5F12-4005-A601-561E75DF762C}.Hybrid|x64.Build.0 = Release|Win32
		{AC56B221-5F12-4005-A601-561E75DF762C}.Hybrid|x86.ActiveCfg = Release|Win32
		{AC56B221-5F12-4005-A601-561E75DF762C}.Hybrid|x86.Build.0 = Release|Win32
		{AC56B221-5F12-4005-A601-561E75DF762C}.No Build|x64.ActiveCfg = Debug|Win32
		{AC56B221-5F12-4005-A601-561E75DF762C}.No Build|x64.Build.0 = Debug|Win32
		{AC56B221-5F12-4005-A601-561E75DF762C}.No Build|x86.ActiveCfg = Debug|Win32
		{AC56B221-5F12-4005-A601-561E75DF762C}.No Build|x86.Build.0 = Debug|Win32
		{AC56B221-5F12-4005-A601-561E75DF762C}.Release|x64.ActiveCfg = Release|Win32
		{AC56B221-5F12-4005-A601-561E75DF762C}.Release|x64.Build.0 = Release|Win32
		{AC56B221-5F12-4005-A601-561E75DF762C}.Release|x86.ActiveCfg = Release|Win32
		{AC56B221-5F12-4005-A601-561E75DF762C}.Release|x86.Build.0 = Release|Win32
		{AC56B221-5F12-4005-A601-561E75DF762C}.Test Release|x64.ActiveCfg = Release|Win32
		{AC56B221-5F12-4005-A601-561E75DF762C}.Test Release|x64.Build.0 = Release|Win32
		{AC56B221-5F12-4005-A601-561E75DF762C}.Test Release|x86.ActiveCfg = Release|Win32
		{AC56B221-5F12-4005-A601-561E75DF762C}.Test Release|x86.Build.0 = Release|Win32
		{88AEC53E-813C-474B-B34F-D69214480CAB}.Debug|x64.ActiveCfg = Debug|Win32
		{88AEC53E-813C-474B-B34F-D69214480CAB}.Debug|x64.Build.0 = Debug|Win32
		{88AEC53E-813C-474B-B34F-D69214480CAB}.Debug|x86.ActiveCfg = Debug|Win32
		{88AEC53E-813C-474B-B34F-D69214480CAB}.Debug|x86.Build.0 = Debug|Win32
		{88AEC53E-813C-474B-B34F-D69214480CAB}.Hybrid|x64.ActiveCfg = Release|Win32
		{88AEC53E-813C-474B-B34F-D69214480CAB}.Hybrid|x64.Build.0 = Release|Win32
		{88AEC53E-813C-474B-B34F-D69214480CAB}.Hybrid|x86.ActiveCfg = Release|Win32
		{88AEC53E-813C-474B-B34F-D69214480CAB}.Hybrid|x86.Build.0 = Release|Win32
		{88AEC53E-813C-474B-B34F-D69214480CAB}.No Build|x64.ActiveCfg = Debug|Win32
		{88AEC53E-813C-474B-B34F-D69214480CAB}.No Build|x64.Build.0 = Debug|Win32
		{88AEC53E-813C-474B-B34F-D69214480CAB}.No Build|x86.ActiveCfg = Debug|Win32
		{88AEC53E-813C-474B-B34F-D69214480CAB}.No Build|x86.Build.0 = Debug|Win32
		{88AEC53E-813C-474B-B34F-D69214480CAB}.Release|x64.ActiveCfg = Release|Win32
		{88AEC53E-813C-474B-B34F-D69214480CAB}.Release|x64.Build.0 = Release|Win32
		{88AEC53E-813C-474B-B34F-D69214480CAB}.Release|x86.ActiveCfg = Release|Win32
		{88AEC53E-813C-474B-B34F-D69214480CAB}.Release|x86.Build.0 = Release|Win32
		{88AEC53E-813C-474B-B34F-D69214480CAB}.Test Release|x64.ActiveCfg = Release|Win32
		{88AEC53E-813C-474B-B34F-D69214480CAB}.Test Release|x64.Build.0 = Release|Win32
		{88AEC53E-813C-474B-B34F-D69214480CAB}.Test Release|x86.ActiveCfg = Release|Win32
		{88AEC53E-813C-474B-B34F-D69214480CAB}.Test Release|x86.Build.0 = Release|Win32
		{5E3B81EB-442B-4AA9-906F-E041558113C2}.Debug|x64.ActiveCfg = Debug|Win32
		{5E3B81EB-442B-4AA9-906F-E041558113C2}.Debug|x64.Build.0 = Debug|Win32
		{5E3B81EB-442B-4AA9-906F-E041558113C2}.Debug|x86.ActiveCfg = Debug|Win32
		{5E3B81EB-442B-4AA9-906F-E041558113C2}.Debug|x86.Build.0 = Debug|Win32
		{5E3B81EB-442B-4AA9-906F-E041558113C2}.Hybrid|x64.ActiveCfg = Release|Win32
		{5E3B81EB-442B-4AA9-906F-E041558113C2}.Hybrid|x64.Build.0 = Release|Win32
		{5E3B81EB-442B-4AA9-906F-E041558113C2}.Hybrid|x86.ActiveCfg = Release|Win32
		{5E3B81EB-442B-4AA9-906F-E041558113C2}.Hybrid|x86.Build.0 = Release|Win32
		{5E3B81EB-442B-4AA9-906F-E041558113C2}.No Build|x64.ActiveCfg = Debug|Win32
		{5E3B81EB-442B-4AA9-906F-E041558113C2}.No Build|x64.Build.0 = Debug|Win32
		{5E3B81EB-442B-4AA9-906F-E041558113C2}.No Build|x86.ActiveCfg = Debug|Win32
		{5E3B81EB-442B-4AA9-906F-E041558113C2}.No Build|x86.Build.0 = Debug|Win32
		{5E3B81EB-442B-4AA9-906F-E041558113C2}.Release|x64.ActiveCfg = Release|Win32
		{5E3B81EB-442B-4AA9-906F-E041558113C2}.Release|x64.Build.0 = Release|Win32
		{5E3B81EB-442B-4AA9-906F-E041558113C2}.Release|x86.ActiveCfg = Release|Win32
		{5E3B81EB-442B-4AA9-906F-E041558113C2}.Release|x86.Build.0 = Release|Win32
		{5E3B81EB-442B-4AA9-906F-E041558113C2}.Test Release|x64.ActiveCfg = Release|Win32
		{5E3B81EB-442B-4AA9-906F-E041558113C2}.Test Release|x64.Build.0 = Release|Win32
		{5E3B81EB-442B-4AA9-906F-E041558113C2}.Test Release|x86.ActiveCfg = Release|Win32
		{5E3B81EB-442B-4AA9-906F-E041558113C2}.Test Release|x86.Build.0 = Release|Win32
		{95AB9F05-4111-4EBA-8F6A-20E2AE81606D}.Debug|x64.ActiveCfg = Debug|Win32
		{95AB9F05-4111-4EBA-8F6A-20E2AE81606D}.Debug|x64.Build.0 = Debug|Win32
		{95AB9F05-4111-4EBA-8F6A-20E2AE81606D}.Debug|x86.ActiveCfg = Debug|Win32
		{95AB9F05-4111-4EBA-8F6A-20E2AE81606D}.Debug|x86.Build.0 = Debug|Win32
		{95AB9F05-4111-4EBA-8F6A-20E2AE81606D}.Hybrid|x64.ActiveCfg = Release|Win32
		{95AB9F05-4111-4EBA-8F6A-20E2AE81606D}.Hybrid|x64.Build.0 = Release|Win32
		{95AB9F05-4111-4EBA-8F6A-20E2AE81606D}.Hybrid|x86.ActiveCfg = Release|Win32
		{95AB9F05-4111-4EBA-8F6A-20E2AE81606D}.Hybrid|x86.Build.0 = Release|Win32
		{95AB9F05-4111-4EBA-8F6A-20E2AE81606D}.No Build|x64.ActiveCfg = Debug|Win32
		{95AB9F05-4111-4EBA-8F6A-20E2AE81606D}.No Build|x64.Build.0 = Debug|Win32
		{95AB9F05-4111-4EBA-8F6A-20E2AE81606D}.No Build|x86.ActiveCfg = Debug|Win32
		{95AB9F05-4111-4EBA-8F6A-20E2AE81606D}.No Build|x86.Build.0 = Debug|Win32
		{95AB9F05-4111-4EBA-8F6A-20E2AE81606D}.Release|x64.ActiveCfg = Release|Win32
		{95AB9F05-4111-4EBA-8F6A-20E2AE81606D}.Release|x64.Build.0 = Release|Win32
		{95AB9F05-4111-4EBA-8F6A-20E2AE81606D}.Release|x86.ActiveCfg = Release|Win32
		{95AB9F05-4111-4EBA-8F6A-20E2AE81606D}.Release|x86.Build.0 = Release|Win32
		{95AB9F05-4111-4EBA-8F6A-20E2AE81606D}.Test Release|x64.ActiveCfg = Release|Win32
		{95AB9F05-4111-4EBA-8F6A-20E2AE81606D}.Test Release|x64.Build.0 = Release|Win32
		{95AB9F05-4111-4EBA-8F6A-20E2AE81606D}.Test Release|x86.ActiveCfg = Release|Win32
		{95AB9F05-4111-4EBA-8F6A-20E2AE81606D}.Test Release|x86.Build.0 = Release|Win32
		{84B844D1-1A8D-47C5-A064-101B45AA97C7}.Debug|x64.ActiveCfg = Debug|Win32
		{84B844D1-1A8D-47C5-A064-101B45AA97C7}.Debug|x64.Build.0 = Debug|Win32
		{84B844D1-1A8D-47C5-A064-101B45AA97C7}.Debug|x86.ActiveCfg = Debug|Win32
		{84B844D1-1A8D-47C5-A064-101B45AA97C7}.Debug|x86.Build.0 = Debug|Win32
		{84B844D1-1A8D-47C5-A064-101B45AA97C7}.Hybrid|x64.ActiveCfg = Release|Win32
		{84B844D1-1A8D-47C5-A064-101B45AA97C7}.Hybrid|x64.Build.0 = Release|Win32
		{84B844D1-1A8D-47C5-A064-101B45AA97C7}.Hybrid|x86.ActiveCfg = Release|Win32
		{84B844D1-1A8D-47C5-A064-101B45AA97C7}.Hybrid|x86.Build.0 = Release|Win32
		{84B844D1-1A8D-47C5-A064-101B45AA97C7}.No Build|x64.ActiveCfg = Debug|Win32
		{84B844D1-1A8D-47C5-A064-101B45AA97C7}.No Build|x64.Build.0 = Debug|Win32
		{84B844D1-1A8D-47C5-A064-101B45AA97C7}.No Build|x86.ActiveCfg = Debug|Win32
		{84B844D1-1A8D-47C5-A064-101B45AA97C7}.No Build|x86.Build.0 = Debug|Win32
		{84B844D1-1A8D-47C5-A064-101B45AA97C7}.Release|x64.ActiveCfg = Release|Win32
		{84B844D1-1A8D-47C5-A064-101B45AA97C7}.Release|x64.Build.0 = Release|Win32
		{84B844D1-1A8D-47C5-A064-101B45AA97C7}.Release|x86.ActiveCfg = Release|Win32
		{84B844D1-1A8D-47C5-A064-101B45AA97C7}.Release|x86.Build.0 = Release|Win32
		{84B844D1-1A8D-47C5-A064-101B45AA97C7}.Test Release|x64.ActiveCfg = Release|Win32
		{84B844D1-1A8D-47C5-A064-101B45AA97C7}.Test Release|x64.Build.0 = Release|Win32
		{84B844D1-1A8D-47C5-A064-101B45AA97C7}.Test Release|x86.ActiveCfg = Release|Win32
		{84B844D1-1A8D-47C5-A064-101B45AA97C7}.Test Release|x86.Build.0 = Release|Win32
		{CE94B93C-D641-49A6-B8B5-93A569A328A2}.Debug|x64.ActiveCfg = Debug|Win32
		{CE94B93C-D641-49A6-B8B5-93A569A328A2}.Debug|x64.Build.0 = Debug|Win32
		{CE94B93C-D641-49A6-B8B5-93A569A328A2}.Debug|x86.ActiveCfg = Debug|Win32
		{CE94B93C-D641-49A6-B8B5-93A569A328A2}.Debug|x86.Build.0 = Debug|Win32
		{CE94B93C-D641-49A6-B8B5-93A569A328A2}.Hybrid|x64.ActiveCfg = Release|Win32
		{CE94B93C-D641-49A6-B8B5-93A569A328A2}.Hybrid|x64.Build.0 = Release|Win32
		{CE94B93C-D641-49A6-B8B5-93A569A328A2}.Hybrid|x86.ActiveCfg = Release|Win32
		{CE94B93C-D641-49A6-B8B5-93A569A328A2}.Hybrid|x86.Build.0 = Release|Win32
		{CE94B93C-D641-49A6-B8B5-93A569A328A2}.No Build|x64.ActiveCfg = Debug|Win32
		{CE94B93C-D641-49A6-B8B5-93A569A328A2}.No Build|x64.Build.0 = Debug|Win32
		{CE94B93C-D641-49A6-B8B5-93A569A328A2}.No Build|x86.ActiveCfg = Debug|Win32
		{CE94B93C-D641-49A6-B8B5-93A569A328A2}.No Build|x86.Build.0 = Debug|Win32
		{CE94B93C-D641-49A6-B8B5-93A569A328A2}.Release|x64.ActiveCfg = Release|Win32
		{CE94B93C-D641-49A6-B8B5-93A569A328A2}.Release|x64.Build.0 = Release|Win32
		{CE94B93C-D641-49A6-B8B5-93A569A328A2}.Release|x86.ActiveCfg = Release|Win32
		{CE94B93C-D641-49A6-B8B5-93A569A328A2}.Release|x86.Build.0 = Release|Win32
		{CE94B93C-D641-49A6-B8B5-93A569A328A2}.Test Release|x64.ActiveCfg = Release|Win32
		{CE94B93C-D641-49A6-B8B5-93A569A328A2}.Test Release|x64.Build.0 = Release|Win32
		{CE94B93C-D641-49A6-B8B5-93A569A328A2}.Test Release|x86.ActiveCfg = Release|Win32
		{CE94B93C-D641-49A6-B8B5-93A569A328A2}.Test Release|x86.Build.0 = Release|Win32
		{17C331CA-F2FF-44F1-A13A-8008518EDA51}.Debug|x64.ActiveCfg = Debug|Win32
		{17C331CA-F2FF-44F1-A13A-8008518EDA51}.Debug|x64.Build.0 = Debug|Win32
		{17C331CA-F2FF-44F1-A13A-8008518EDA51}.Debug|x86.ActiveCfg = Debug|Win32
		{17C331CA-F2FF-44F1-A13A-8008518EDA51}.Debug|x86.Build.0 = Debug|Win32
		{17C331CA-F2FF-44F1-A13A-8008518EDA51}.Hybrid|x64.ActiveCfg = Release|Win32
		{17C331CA-F2FF-44F1-A13A-8008518EDA51}.Hybrid|x64.Build.0 = Release|Win32
		{17C331CA-F2FF-44F1-A13A-8008518EDA51}.Hybrid|x86.ActiveCfg = Release|Win32
		{17C331CA-F2FF-44F1-A13A-8008518EDA51}.Hybrid|x86.Build.0 = Release|Win32
		{17C331CA-F2FF-44F1-A13A-8008518EDA51}.No Build|x64.ActiveCfg = Debug|Win32
		{17C331CA-F2FF-44F1-A13A-8008518EDA51}.No Build|x64.Build.0 = Debug|Win32
		{17C331CA-F2FF-44F1-A13A-8008518EDA51}.No Build|x86.ActiveCfg = Debug|Win32
		{17C331CA-F2FF-44F1-A13A-8008518EDA51}.No Build|x86.Build.0 = Debug|Win32
		{17C331CA-F2FF-44F1-A13A-8008518EDA51}.Release|x64.ActiveCfg = Release|Win32
		{17C331CA-F2FF-44F1-A13A-8008518EDA51}.Release|x64.Build.0 = Release|Win32
		{17C331CA-F2FF-44F1-A13A-8008518EDA51}.Release|x86.ActiveCfg = Release|Win32
		{17C331CA-F2FF-44F1-A13A-8008518EDA51}.Release|x86.Build.0 = Release|Win32
		{17C331CA-F2FF-44F1-A13A-8008518EDA51}.Test Release|x64.ActiveCfg = Release|Win32
		{17C331CA-F2FF-44F1-A13A-8008518EDA51}.Test Release|x64.Build.0 = Release|Win32
		{17C331CA-F2FF-44F1-A13A-8008518EDA51}.Test Release|x86.ActiveCfg = Release|Win32
		{17C331CA-F2FF-44F1-A13A-8008518EDA51}.Test Release|x86.Build.0 = Release|Win32
		{E2D93293-8A5C-4F5B-A61E-9720F1BCD7D8}.Debug|x64.ActiveCfg = Debug|Win32
		{E2D93293-8A5C-4F5B-A61E-9720F1BCD7D8}.Debug|x64.Build.0 = Debug|Win32
		{E2D93293-8A5C-4F5B-A61E-9720F1BCD7D8}.Debug|x86.ActiveCfg = Debug|Win32
		{E2D93293-8A5C-4F5B-A61E-9720F1BCD7D8}.Debug|x86.Build.0 = Debug|Win32
		{E2D93293-8A5C-4F5B-A61E-9720F1BCD7D8}.Hybrid|x64.ActiveCfg = Release|Win32
		{E2D93293-8A5C-4F5B-A61E-9720F1BCD7D8}.Hybrid|x64.Build.0 = Release|Win32
		{E2D93293-8A5C-4F5B-A61E-9720F1BCD7D8}.Hybrid|x86.ActiveCfg = Release|Win32
		{E2D93293-8A5C-4F5B-A61E-9720F1BCD7D8}.Hybrid|x86.Build.0 = Release|Win32
		{E2D93293-8A5C-4F5B-A61E-9720F1BCD7D8}.No Build|x64.ActiveCfg = Debug|Win32
		{E2D93293-8A5C-4F5B-A61E-9720F1BCD7D8}.No Build|x64.Build.0 = Debug|Win32
		{E2D93293-8A5C-4F5B-A61E-9720F1BCD7D8}.No Build|x86.ActiveCfg = Debug|Win32
		{E2D93293-8A5C-4F5B-A61E-9720F1BCD7D8}.No Build|x86.Build.0 = Debug|Win32
		{E2D93293-8A5C-4F5B-A61E-9720F1BCD7D8}.Release|x64.ActiveCfg = Release|Win32
		{E2D93293-8A5C-4F5B-A61E-9720F1BCD7D8}.Release|x64.Build.0 = Release|Win32
		{E2D93293-8A5C-4F5B-A61E-9720F1BCD7D8}.Release|x86.ActiveCfg = Release|Win32
		{E2D93293-8A5C-4F5B-A61E-9720F1BCD7D8}.Release|x86.Build.0 = Release|Win32
		{E2D93293-8A5C-4F5B-A61E-9720F1BCD7D8}.Test Release|x64.ActiveCfg = Release|Win32
		{E2D93293-8A5C-4F5B-A61E-9720F1BCD7D8}.Test Release|x64.Build.0 = Release|Win32
		{E2D93293-8A5C-4F5B-A61E-9720F1BCD7D8}.Test Release|x86.ActiveCfg = Release|Win32
		{E2D93293-8A5C-4F5B-A61E-9720F1BCD7D8}.Test Release|x86.Build.0 = Release|Win32
		{53979323-78CC-4FBA-9AD3-4DCAF95DB742}.Debug|x64.ActiveCfg = Debug|Win32
		{53979323-78CC-4FBA-9AD3-4DCAF95DB742}.Debug|x64.Build.0 = Debug|Win32
		{53979323-78CC-4FBA-9AD3-4DCAF95DB742}.Debug|x86.ActiveCfg = Debug|Win32
		{53979323-78CC-4FBA-9AD3-4DCAF95DB742}.Debug|x86.Build.0 = Debug|Win32
		{53979323-78CC-4FBA-9AD3-4DCAF95DB742}.Hybrid|x64.ActiveCfg = Release|Win32
		{53979323-78CC-4FBA-9AD3-4DCAF95DB742}.Hybrid|x64.Build.0 = Release|Win32
		{53979323-78CC-4FBA-9AD3-4DCAF95DB742}.Hybrid|x86.ActiveCfg = Release|Win32
		{53979323-78CC-4FBA-9AD3-4DCAF95DB742}.Hybrid|x86.Build.0 = Release|Win32
		{53979323-78CC-4FBA-9AD3-4DCAF95DB742}.No Build|x64.ActiveCfg = Debug|Win32
		{53979323-78CC-4FBA-9AD3-4DCAF95DB742}.No Build|x64.Build.0 = Debug|Win32
		{53979323-78CC-4FBA-9AD3-4DCAF95DB742}.No Build|x86.ActiveCfg = Debug|Win32
		{53979323-78CC-4FBA-9AD3-4DCAF95DB742}.No Build|x86.Build.0 = Debug|Win32
		{53979323-78CC-4FBA-9AD3-4DCAF95DB742}.Release|x64.ActiveCfg = Release|Win32
		{53979323-78CC-4FBA-9AD3-4DCAF95DB742}.Release|x64.Build.0 = Release|Win32
		{53979323-78CC-4FBA-9AD3-4DCAF95DB742}.Release|x86.ActiveCfg = Release|Win32
		{53979323-78CC-4FBA-9AD3-4DCAF95DB742}.Release|x86.Build.0 = Release|Win32
		{53979323-78CC-4FBA-9AD3-4DCAF95DB742}.Test Release|x64.ActiveCfg = Release|Win32
		{53979323-78CC-4FBA-9AD3-4DCAF95DB742}.Test Release|x64.Build.0 = Release|Win32
		{53979323-78CC-4FBA-9AD3-4DCAF95DB742}.Test Release|x86.ActiveCfg = Release|Win32
		{53979323-78CC-4FBA-9AD3-4DCAF95DB742}.Test Release|x86.Build.0 = Release|Win32
		{1308D307-E045-4D88-9F55-D29B88FA4010}.Debug|x64.ActiveCfg = Debug|Win32
		{1308D307-E045-4D88-9F55-D29B88FA4010}.Debug|x64.Build.0 = Debug|Win32
		{1308D307-E045-4D88-9F55-D29B88FA4010}.Debug|x86.ActiveCfg = Debug|Win32
		{1308D307-E045-4D88-9F55-D29B88FA4010}.Debug|x86.Build.0 = Debug|Win32
		{1308D307-E045-4D88-9F55-D29B88FA4010}.Hybrid|x64.ActiveCfg = Release|Win32
		{1308D307-E045-4D88-9F55-D29B88FA4010}.Hybrid|x64.Build.0 = Release|Win32
		{1308D307-E045-4D88-9F55-D29B88FA4010}.Hybrid|x86.ActiveCfg = Release|Win32
		{1308D307-E045-4D88-9F55-D29B88FA4010}.Hybrid|x86.Build.0 = Release|Win32
		{1308D307-E045-4D88-9F55-D29B88FA4010}.No Build|x64.ActiveCfg = Debug|Win32
		{1308D307-E045-4D88-9F55-D29B88FA4010}.No Build|x64.Build.0 = Debug|Win32
		{1308D307-E045-4D88-9F55-D29B88FA4010}.No Build|x86.ActiveCfg = Debug|Win32
		{1308D307-E045-4D88-9F55-D29B88FA4010}.No Build|x86.Build.0 = Debug|Win32
		{1308D307-E045-4D88-9F55-D29B88FA4010}.Release|x64.ActiveCfg = Release|Win32
		{1308D307-E045-4D88-9F55-D29B88FA4010}.Release|x64.Build.0 = Release|Win32
		{1308D307-E045-4D88-9F55-D29B88FA4010}.Release|x86.ActiveCfg = Release|Win32
		{1308D307-E045-4D88-9F55-D29B88FA4010}.Release|x86.Build.0 = Release|Win32
		{1308D307-E045-4D88-9F55-D29B88FA4010}.Test Release|x64.ActiveCfg = Release|Win32
		{1308D307-E045-4D88-9F55-D29B88FA4010}.Test Release|x64.Build.0 = Release|Win32
		{1308D307-E045-4D88-9F55-D29B88FA4010}.Test Release|x86.ActiveCfg = Release|Win32
		{1308D307-E045-4D88-9F55-D29B88FA4010}.Test Release|x86.Build.0 = Release|Win32
		{B2BBC4C0-ADEA-4FFD-BEE7-DE370E0D4850}.Debug|x64.ActiveCfg = Debug|Win32
		{B2BBC4C0-ADEA-4FFD-BEE7-DE370E0D4850}.Debug|x64.Build.0 = Debug|Win32
		{B2BBC4C0-ADEA-4FFD-BEE7-DE370E0D4850}.Debug|x86.ActiveCfg = Debug|Win32
		{B2BBC4C0-ADEA-4FFD-BEE7-DE370E0D4850}.Debug|x86.Build.0 = Debug|Win32
		{B2BBC4C0-ADEA-4FFD-BEE7-DE370E0D4850}.Hybrid|x64.ActiveCfg = Release|Win32
		{B2BBC4C0-ADEA-4FFD-BEE7-DE370E0D4850}.Hybrid|x64.Build.0 = Release|Win32
		{B2BBC4C0-ADEA-4FFD-BEE7-DE370E0D4850}.Hybrid|x86.ActiveCfg = Release|Win32
		{B2BBC4C0-ADEA-4FFD-BEE7-DE370E0D4850}.Hybrid|x86.Build.0 = Release|Win32
		{B2BBC4C0-ADEA-4FFD-BEE7-DE370E0D4850}.No Build|x64.ActiveCfg = Debug|Win32
		{B2BBC4C0-ADEA-4FFD-BEE7-DE370E0D4850}.No Build|x64.Build.0 = Debug|Win32
		{B2BBC4C0-ADEA-4FFD-BEE7-DE370E0D4850}.No Build|x86.ActiveCfg = Debug|Win32
		{B2BBC4C0-ADEA-4FFD-BEE7-DE370E0D4850}.No Build|x86.Build.0 = Debug|Win32
		{B2BBC4C0-ADEA-4FFD-BEE7-DE370E0D4850}.Release|x64.ActiveCfg = Release|Win32
		{B2BBC4C0-ADEA-4FFD-BEE7-DE370E0D4850}.Release|x64.Build.0 = Release|Win32
		{B2BBC4C0-ADEA-4FFD-BEE7-DE370E0D4850}.Release|x86.ActiveCfg = Release|Win32
		{B2BBC4C0-ADEA-4FFD-BEE7-DE370E0D4850}.Release|x86.Build.0 = Release|Win32
		{B2BBC4C0-ADEA-4FFD-BEE7-DE370E0D4850}.Test Release|x64.ActiveCfg = Release|Win32
		{B2BBC4C0-ADEA-4FFD-BEE7-DE370E0D4850}.Test Release|x64.Build.0 = Release|Win32
		{B2BBC4C0-ADEA-4FFD-BEE7-DE370E0D4850}.Test Release|x86.ActiveCfg = Release|Win32
		{B2BBC4C0-ADEA-4FFD-BEE7-DE370E0D4850}.Test Release|x86.Build.0 = Release|Win32
		{FA134234-5695-4214-A124-5B39CE5EB16A}.Debug|x64.ActiveCfg = Debug|Win32
		{FA134234-5695-4214-A124-5B39CE5EB16A}.Debug|x64.Build.0 = Debug|Win32
		{FA134234-5695-4214-A124-5B39CE5EB16A}.Debug|x86.ActiveCfg = Debug|Win32
		{FA134234-5695-4214-A124-5B39CE5EB16A}.Debug|x86.Build.0 = Debug|Win32
		{FA134234-5695-4214-A124-5B39CE5EB16A}.Hybrid|x64.ActiveCfg = Release|Win32
		{FA134234-5695-4214-A124-5B39CE5EB16A}.Hybrid|x64.Build.0 = Release|Win32
		{FA134234-5695-4214-A124-5B39CE5EB16A}.Hybrid|x86.ActiveCfg = Release|Win32
		{FA134234-5695-4214-A124-5B39CE5EB16A}.Hybrid|x86.Build.0 = Release|Win32
		{FA134234-5695-4214-A124-5B39CE5EB16A}.No Build|x64.ActiveCfg = Debug|Win32
		{FA134234-5695-4214-A124-5B39CE5EB16A}.No Build|x64.Build.0 = Debug|Win32
		{FA134234-5695-4214-A124-5B39CE5EB16A}.No Build|x86.ActiveCfg = Debug|Win32
		{FA134234-5695-4214-A124-5B39CE5EB16A}.No Build|x86.Build.0 = Debug|Win32
		{FA134234-5695-4214-A124-5B39CE5EB16A}.Release|x64.ActiveCfg = Release|Win32
		{FA134234-5695-4214-A124-5B39CE5EB16A}.Release|x64.Build.0 = Release|Win32
		{FA134234-5695-4214-A124-5B39CE5EB16A}.Release|x86.ActiveCfg = Release|Win32
		{FA134234-5695-4214-A124-5B39CE5EB16A}.Release|x86.Build.0 = Release|Win32
		{FA134234-5695-4214-A124-5B39CE5EB16A}.Test Release|x64.ActiveCfg = Release|Win32
		{FA134234-5695-4214-A124-5B39CE5EB16A}.Test Release|x64.Build.0 = Release|Win32
		{FA134234-5695-4214-A124-5B39CE5EB16A}.Test Release|x86.ActiveCfg = Release|Win32
		{FA134234-5695-4214-A124-5B39CE5EB16A}.Test Release|x86.Build.0 = Release|Win32
		{E1A8A689-7780-4223-AAF8-070DEDF095BC}.Debug|x64.ActiveCfg = Debug|Win32
		{E1A8A689-7780-4223-AAF8-070DEDF095BC}.Debug|x64.Build.0 = Debug|Win32
		{E1A8A689-7780-4223-AAF8-070DEDF095BC}.Debug|x86.ActiveCfg = Debug|Win32
		{E1A8A689-7780-4223-AAF8-070DEDF095BC}.Debug|x86.Build.0 = Debug|Win32
		{E1A8A689-7780-4223-AAF8-070DEDF095BC}.Hybrid|x64.ActiveCfg = Release|Win32
		{E1A8A689-7780-4223-AAF8-070DEDF095BC}.Hybrid|x64.Build.0 = Release|Win32
		{E1A8A689-7780-4223-AAF8-070DEDF095BC}.Hybrid|x86.ActiveCfg = Release|Win32
		{E1A8A689-7780-4223-AAF8-070DEDF095BC}.Hybrid|x86.Build.0 = Release|Win32
		{E1A8A689-7780-4223-AAF8-070DEDF095BC}.No Build|x64.ActiveCfg = Debug|Win32
		{E1A8A689-7780-4223-AAF8-070DEDF095BC}.No Build|x64.Build.0 = Debug|Win32
		{E1A8A689-7780-4223-AAF8-070DEDF095BC}.No Build|x86.ActiveCfg = Debug|Win32
		{E1A8A689-7780-4223-AAF8-070DEDF095BC}.No Build|x86.Build.0 = Debug|Win32
		{E1A8A689-7780-4223-AAF8-070DEDF095BC}.Release|x64.ActiveCfg = Release|Win32
		{E1A8A689-7780-4223-AAF8-070DEDF095BC}.Release|x64.Build.0 = Release|Win32
		{E1A8A689-7780-4223-AAF8-070DEDF095BC}.Release|x86.ActiveCfg = Release|Win32
		{E1A8A689-7780-4223-AAF8-070DEDF095BC}.Release|x86.Build.0 = Release|Win32
		{E1A8A689-7780-4223-AAF8-070DEDF095BC}.Test Release|x64.ActiveCfg = Release|Win32
		{E1A8A689-7780-4223-AAF8-070DEDF095BC}.Test Release|x64.Build.0 = Release|Win32
		{E1A8A689-7780-4223-AAF8-070DEDF095BC}.Test Release|x86.ActiveCfg = Release|Win32
		{E1A8A689-7780-4223-AAF8-070DEDF095BC}.Test Release|x86.Build.0 = Release|Win32
		{8CC4C0F2-989D-4EC1-8CA1-9DE29EB10433}.Debug|x64.ActiveCfg = Debug|Win32
		{8CC4C0F2-989D-4EC1-8CA1-9DE29EB10433}.Debug|x64.Build.0 = Debug|Win32
		{8CC4C0F2-989D-4EC1-8CA1-9DE29EB10433}.Debug|x86.ActiveCfg = Debug|Win32
		{8CC4C0F2-989D-4EC1-8CA1-9DE29EB10433}.Debug|x86.Build.0 = Debug|Win32
		{8CC4C0F2-989D-4EC1-8CA1-9DE29EB10433}.Hybrid|x64.ActiveCfg = Release|Win32
		{8CC4C0F2-989D-4EC1-8CA1-9DE29EB10433}.Hybrid|x64.Build.0 = Release|Win32
		{8CC4C0F2-989D-4EC1-8CA1-9DE29EB10433}.Hybrid|x86.ActiveCfg = Release|Win32
		{8CC4C0F2-989D-4EC1-8CA1-9DE29EB10433}.Hybrid|x86.Build.0 = Release|Win32
		{8CC4C0F2-989D-4EC1-8CA1-9DE29EB10433}.No Build|x64.ActiveCfg = Debug|Win32
		{8CC4C0F2-989D-4EC1-8CA1-9DE29EB10433}.No Build|x64.Build.0 = Debug|Win32
		{8CC4C0F2-989D-4EC1-8CA1-9DE29EB10433}.No Build|x86.ActiveCfg = Debug|Win32
		{8CC4C0F2-989D-4EC1-8CA1-9DE29EB10433}.No Build|x86.Build.0 = Debug|Win32
		{8CC4C0F2-989D-4EC1-8CA1-9DE29EB10433}.Release|x64.ActiveCfg = Release|Win32
		{8CC4C0F2-989D-4EC1-8CA1-9DE29EB10433}.Release|x64.Build.0 = Release|Win32
		{8CC4C0F2-989D-4EC1-8CA1-9DE29EB10433}.Release|x86.ActiveCfg = Release|Win32
		{8CC4C0F2-989D-4EC1-8CA1-9DE29EB10433}.Release|x86.Build.0 = Release|Win32
		{8CC4C0F2-989D-4EC1-8CA1-9DE29EB10433}.Test Release|x64.ActiveCfg = Release|Win32
		{8CC4C0F2-989D-4EC1-8CA1-9DE29EB10433}.Test Release|x64.Build.0 = Release|Win32
		{8CC4C0F2-989D-4EC1-8CA1-9DE29EB10433}.Test Release|x86.ActiveCfg = Release|Win32
		{8CC4C0F2-989D-4EC1-8CA1-9DE29EB10433}.Test Release|x86.Build.0 = Release|Win32
		{8FDDCF57-5E7C-4F05-8988-2CAF41926A52}.Debug|x64.ActiveCfg = Debug|Win32
		{8FDDCF57-5E7C-4F05-8988-2CAF41926A52}.Debug|x64.Build.0 = Debug|Win32
		{8FDDCF57-5E7C-4F05-8988-2CAF41926A52}.Debug|x86.ActiveCfg = Debug|Win32
		{8FDDCF57-5E7C-4F05-8988-2CAF41926A52}.Debug|x86.Build.0 = Debug|Win32
		{8FDDCF57-5E7C-4F05-8988-2CAF41926A52}.Hybrid|x64.ActiveCfg = Release|Win32
		{8FDDCF57-5E7C-4F05-8988-2CAF41926A52}.Hybrid|x64.Build.0 = Release|Win32
		{8FDDCF57-5E7C-4F05-8988-2CAF41926A52}.Hybrid|x86.ActiveCfg = Release|Win32
		{8FDDCF57-5E7C-4F05-8988-2CAF41926A52}.Hybrid|x86.Build.0 = Release|Win32
		{8FDDCF57-5E7C-4F05-8988-2CAF41926A52}.No Build|x64.ActiveCfg = Debug|Win32
		{8FDDCF57-5E7C-4F05-8988-2CAF41926A52}.No Build|x64.Build.0 = Debug|Win32
		{8FDDCF57-5E7C-4F05-8988-2CAF41926A52}.No Build|x86.ActiveCfg = Debug|Win32
		{8FDDCF57-5E7C-4F05-8988-2CAF41926A52}.No Build|x86.Build.0 = Debug|Win32
		{8FDDCF57-5E7C-4F05-8988-2CAF41926A52}.Release|x64.ActiveCfg = Release|Win32
		{8FDDCF57-5E7C-4F05-8988-2CAF41926A52}.Release|x64.Build.0 = Release|Win32
		{8FDDCF57-5E7C-4F05-8988-2CAF41926A52}.Release|x86.ActiveCfg = Release|Win32
		{8FDDCF57-5E7C-4F05-8988-2CAF41926A52}.Release|x86.Build.0 = Release|Win32
		{8FDDCF57-5E7C-4F05-8988-2CAF41926A52}.Test Release|x64.ActiveCfg = Release|Win32
		{8FDDCF57-5E7C-4F05-8988-2CAF41926A52}.Test Release|x64.Build.0 = Release|Win32
		{8FDDCF57-5E7C-4F05-8988-2CAF41926A52}.Test Release|x86.ActiveCfg = Release|Win32
		{8FDDCF57-5E7C-4F05-8988-2CAF41926A52}.Test Release|x86.Build.0 = Release|Win32
		{C79359DB-C65F-45D9-9546-EA8EB43D5D1E}.Debug|x64.ActiveCfg = Debug|Win32
		{C79359DB-C65F-45D9-9546-EA8EB43D5D1E}.Debug|x64.Build.0 = Debug|Win32
		{C79359DB-C65F-45D9-9546-EA8EB43D5D1E}.Debug|x86.ActiveCfg = Debug|Win32
		{C79359DB-C65F-45D9-9546-EA8EB43D5D1E}.Debug|x86.Build.0 = Debug|Win32
		{C79359DB-C65F-45D9-9546-EA8EB43D5D1E}.Hybrid|x64.ActiveCfg = Hybrid|Win32
		{C79359DB-C65F-45D9-9546-EA8EB43D5D1E}.Hybrid|x64.Build.0 = Hybrid|Win32
		{C79359DB-C65F-45D9-9546-EA8EB43D5D1E}.Hybrid|x86.ActiveCfg = Hybrid|Win32
		{C79359DB-C65F-45D9-9546-EA8EB43D5D1E}.Hybrid|x86.Build.0 = Hybrid|Win32
		{C79359DB-C65F-45D9-9546-EA8EB43D5D1E}.No Build|x64.ActiveCfg = Debug|Win32
		{C79359DB-C65F-45D9-9546-EA8EB43D5D1E}.No Build|x64.Build.0 = Debug|Win32
		{C79359DB-C65F-45D9-9546-EA8EB43D5D1E}.No Build|x86.ActiveCfg = Debug|Win32
		{C79359DB-C65F-45D9-9546-EA8EB43D5D1E}.No Build|x86.Build.0 = Debug|Win32
		{C79359DB-C65F-45D9-9546-EA8EB43D5D1E}.Release|x64.ActiveCfg = Release|Win32
		{C79359DB-C65F-45D9-9546-EA8EB43D5D1E}.Release|x64.Build.0 = Release|Win32
		{C79359DB-C65F-45D9-9546-EA8EB43D5D1E}.Release|x86.ActiveCfg = Release|Win32
		{C79359DB-C65F-45D9-9546-EA8EB43D5D1E}.Release|x86.Build.0 = Release|Win32
		{C79359DB-C65F-45D9-9546-EA8EB43D5D1E}.Test Release|x64.ActiveCfg = Release|Win32
		{C79359DB-C65F-45D9-9546-EA8EB43D5D1E}.Test Release|x64.Build.0 = Release|Win32
		{C79359DB-C65F-45D9-9546-EA8EB43D5D1E}.Test Release|x86.ActiveCfg = Release|Win32
		{C79359DB-C65F-45D9-9546-EA8EB43D5D1E}.Test Release|x86.Build.0 = Release|Win32
		{1BF6AFD4-531D-4BA9-B5A8-B6100E8FE767}.Debug|x64.ActiveCfg = Debug|Win32
		{1BF6AFD4-531D-4BA9-B5A8-B6100E8FE767}.Debug|x64.Build.0 = Debug|Win32
		{1BF6AFD4-531D-4BA9-B5A8-B6100E8FE767}.Debug|x86.ActiveCfg = Debug|Win32
		{1BF6AFD4-531D-4BA9-B5A8-B6100E8FE767}.Debug|x86.Build.0 = Debug|Win32
		{1BF6AFD4-531D-4BA9-B5A8-B6100E8FE767}.Hybrid|x64.ActiveCfg = Release|Win32
		{1BF6AFD4-531D-4BA9-B5A8-B6100E8FE767}.Hybrid|x64.Build.0 = Release|Win32
		{1BF6AFD4-531D-4BA9-B5A8-B6100E8FE767}.Hybrid|x86.ActiveCfg = Release|Win32
		{1BF6AFD4-531D-4BA9-B5A8-B6100E8FE767}.Hybrid|x86.Build.0 = Release|Win32
		{1BF6AFD4-531D-4BA9-B5A8-B6100E8FE767}.No Build|x64.ActiveCfg = Debug|Win32
		{1BF6AFD4-531D-4BA9-B5A8-B6100E8FE767}.No Build|x64.Build.0 = Debug|Win32
		{1BF6AFD4-531D-4BA9-B5A8-B6100E8FE767}.No Build|x86.ActiveCfg = Debug|Win32
		{1BF6AFD4-531D-4BA9-B5A8-B6100E8FE767}.No Build|x86.Build.0 = Debug|Win32
		{1BF6AFD4-531D-4BA9-B5A8-B6100E8FE767}.Release|x64.ActiveCfg = Release|Win32
		{1BF6AFD4-531D-4BA9-B5A8-B6100E8FE767}.Release|x64.Build.0 = Release|Win32
		{1BF6AFD4-531D-4BA9-B5A8-B6100E8FE767}.Release|x86.ActiveCfg = Release|Win32
		{1BF6AFD4-531D-4BA9-B5A8-B6100E8FE767}.Release|x86.Build.0 = Release|Win32
		{1BF6AFD4-531D-4BA9-B5A8-B6100E8FE767}.Test Release|x64.ActiveCfg = Release|Win32
		{1BF6AFD4-531D-4BA9-B5A8-B6100E8FE767}.Test Release|x64.Build.0 = Release|Win32
		{1BF6AFD4-531D-4BA9-B5A8-B6100E8FE767}.Test Release|x86.ActiveCfg = Release|Win32
		{1BF6AFD4-531D-4BA9-B5A8-B6100E8FE767}.Test Release|x86.Build.0 = Release|Win32
		{80715B2B-CA2F-462B-A2F7-61EF1FFDEC99}.Debug|x64.ActiveCfg = Debug|Win32
		{80715B2B-CA2F-462B-A2F7-61EF1FFDEC99}.Debug|x64.Build.0 = Debug|Win32
		{80715B2B-CA2F-462B-A2F7-61EF1FFDEC99}.Debug|x86.ActiveCfg = Debug|Win32
		{80715B2B-CA2F-462B-A2F7-61EF1FFDEC99}.Debug|x86.Build.0 = Debug|Win32
		{80715B2B-CA2F-462B-A2F7-61EF1FFDEC99}.Hybrid|x64.ActiveCfg = Release|Win32
		{80715B2B-CA2F-462B-A2F7-61EF1FFDEC99}.Hybrid|x64.Build.0 = Release|Win32
		{80715B2B-CA2F-462B-A2F7-61EF1FFDEC99}.Hybrid|x86.ActiveCfg = Release|Win32
		{80715B2B-CA2F-462B-A2F7-61EF1FFDEC99}.Hybrid|x86.Build.0 = Release|Win32
		{80715B2B-CA2F-462B-A2F7-61EF1FFDEC99}.No Build|x64.ActiveCfg = Debug|Win32
		{80715B2B-CA2F-462B-A2F7-61EF1FFDEC99}.No Build|x64.Build.0 = Debug|Win32
		{80715B2B-CA2F-462B-A2F7-61EF1FFDEC99}.No Build|x86.ActiveCfg = Debug|Win32
		{80715B2B-CA2F-462B-A2F7-61EF1FFDEC99}.No Build|x86.Build.0 = Debug|Win32
		{80715B2B-CA2F-462B-A2F7-61EF1FFDEC99}.Release|x64.ActiveCfg = Release|Win32
		{80715B2B-CA2F-462B-A2F7-61EF1FFDEC99}.Release|x64.Build.0 = Release|Win32
		{80715B2B-CA2F-462B-A2F7-61EF1FFDEC99}.Release|x86.ActiveCfg = Release|Win32
		{80715B2B-CA2F-462B-A2F7-61EF1FFDEC99}.Release|x86.Build.0 = Release|Win32
		{80715B2B-CA2F-462B-A2F7-61EF1FFDEC99}.Test Release|x64.ActiveCfg = Release|Win32
		{80715B2B-CA2F-462B-A2F7-61EF1FFDEC99}.Test Release|x64.Build.0 = Release|Win32
		{80715B2B-CA2F-462B-A2F7-61EF1FFDEC99}.Test Release|x86.ActiveCfg = Release|Win32
		{80715B2B-CA2F-462B-A2F7-61EF1FFDEC99}.Test Release|x86.Build.0 = Release|Win32
		{F268109A-F98E-4120-963D-966235E2595A}.Debug|x64.ActiveCfg = Debug|Win32
		{F268109A-F98E-4120-963D-966235E2595A}.Debug|x64.Build.0 = Debug|Win32
		{F268109A-F98E-4120-963D-966235E2595A}.Debug|x86.ActiveCfg = Debug|Win32
		{F268109A-F98E-4120-963D-966235E2595A}.Debug|x86.Build.0 = Debug|Win32
		{F268109A-F98E-4120-963D-966235E2595A}.Hybrid|x64.ActiveCfg = Release|Win32
		{F268109A-F98E-4120-963D-966235E2595A}.Hybrid|x64.Build.0 = Release|Win32
		{F268109A-F98E-4120-963D-966235E2595A}.Hybrid|x86.ActiveCfg = Release|Win32
		{F268109A-F98E-4120-963D-966235E2595A}.Hybrid|x86.Build.0 = Release|Win32
		{F268109A-F98E-4120-963D-966235E2595A}.No Build|x64.ActiveCfg = Debug|Win32
		{F268109A-F98E-4120-963D-966235E2595A}.No Build|x64.Build.0 = Debug|Win32
		{F268109A-F98E-4120-963D-966235E2595A}.No Build|x86.ActiveCfg = Debug|Win32
		{F268109A-F98E-4120-963D-966235E2595A}.No Build|x86.Build.0 = Debug|Win32
		{F268109A-F98E-4120-963D-966235E2595A}.Release|x64.ActiveCfg = Release|Win32
		{F268109A-F98E-4120-963D-966235E2595A}.Release|x64.Build.0 = Release|Win32
		{F268109A-F98E-4120-963D-966235E2595A}.Release|x86.ActiveCfg = Release|Win32
		{F268109A-F98E-4120-963D-966235E2595A}.Release|x86.Build.0 = Release|Win32
		{F268109A-F98E-4120-963D-966235E2595A}.Test Release|x64.ActiveCfg = Release|Win32
		{F268109A-F98E-4120-963D-966235E2595A}.Test Release|x64.Build.0 = Release|Win32
		{F268109A-F98E-4120-963D-966235E2595A}.Test Release|x86.ActiveCfg = Release|Win32
		{F268109A-F98E-4120-963D-966235E2595A}.Test Release|x86.Build.0 = Release|Win32
	EndGlobalSection
	GlobalSection(SolutionProperties) = preSolution
		HideSolutionNode = FALSE
	EndGlobalSection
	GlobalSection(ExtensibilityGlobals) = postSolution
		SolutionGuid = {9E550C54-32A8-4750-86E0-FE9284FD259B}
	EndGlobalSection
EndGlobal
