<?xml version="1.0" encoding="utf-8"?>
<Project ToolsVersion="4.0" xmlns="http://schemas.microsoft.com/developer/msbuild/2003">
  <ItemGroup>
    <Filter Include="Source Files">
      <UniqueIdentifier>{f90bcda6-4996-4e4c-893d-4663fa01ec17}</UniqueIdentifier>
      <Extensions>cpp;c;cxx;def;odl;idl;hpj;bat;asm</Extensions>
    </Filter>
    <Filter Include="Header Files">
      <UniqueIdentifier>{8e3eff71-2087-423f-86c6-b98d87c7c269}</UniqueIdentifier>
      <Extensions>h;hpp;hxx;hm;inl;inc</Extensions>
    </Filter>
  </ItemGroup>
  <ItemGroup>
    <ClCompile Include="Stdafx.cpp">
      <Filter>Source Files</Filter>
    </ClCompile>
    <ClCompile Include="TBtnOnFlat.cpp">
      <Filter>Source Files</Filter>
    </ClCompile>
    <ClCompile Include="TButton.cpp">
      <Filter>Source Files</Filter>
    </ClCompile>
    <ClCompile Include="TCmdManager.cpp">
      <Filter>Source Files</Filter>
    </ClCompile>
    <ClCompile Include="TColorCtrl.cpp">
      <Filter>Source Files</Filter>
    </ClCompile>
    <ClCompile Include="TColorDlg.cpp">
      <Filter>Source Files</Filter>
    </ClCompile>
    <ClCompile Include="TComboBox.cpp">
      <Filter>Source Files</Filter>
    </ClCompile>
    <ClCompile Include="TControlBar.cpp">
      <Filter>Source Files</Filter>
    </ClCompile>
    <ClCompile Include="TDockBar.cpp">
      <Filter>Source Files</Filter>
    </ClCompile>
    <ClCompile Include="TEdit.cpp">
      <Filter>Source Files</Filter>
    </ClCompile>
    <ClCompile Include="THookSink.cpp">
      <Filter>Source Files</Filter>
    </ClCompile>
    <ClCompile Include="TMenuControlBar.cpp">
      <Filter>Source Files</Filter>
    </ClCompile>
    <ClCompile Include="TMiniDockFrameWnd.cpp">
      <Filter>Source Files</Filter>
    </ClCompile>
    <ClCompile Include="TPaintManager.cpp">
      <Filter>Source Files</Filter>
    </ClCompile>
    <ClCompile Include="TPopupMenuWnd.cpp">
      <Filter>Source Files</Filter>
    </ClCompile>
    <ClCompile Include="TResizableDialog.cpp">
      <Filter>Source Files</Filter>
    </ClCompile>
    <ClCompile Include="TShell.cpp">
      <Filter>Source Files</Filter>
    </ClCompile>
    <ClCompile Include="TStatusControlBar.cpp">
      <Filter>Source Files</Filter>
    </ClCompile>
    <ClCompile Include="TTabControlBar.cpp">
      <Filter>Source Files</Filter>
    </ClCompile>
    <ClCompile Include="TTabCtrl.cpp">
      <Filter>Source Files</Filter>
    </ClCompile>
    <ClCompile Include="TToolControlBar.cpp">
      <Filter>Source Files</Filter>
    </ClCompile>
  </ItemGroup>
  <ItemGroup>
    <ClInclude Include="resource.h">
      <Filter>Header Files</Filter>
    </ClInclude>
    <ClInclude Include="Stdafx.h">
      <Filter>Header Files</Filter>
    </ClInclude>
    <ClInclude Include="TBtnOnFlat.h">
      <Filter>Header Files</Filter>
    </ClInclude>
    <ClInclude Include="TButton.h">
      <Filter>Header Files</Filter>
    </ClInclude>
    <ClInclude Include="TCmdManager.h">
      <Filter>Header Files</Filter>
    </ClInclude>
    <ClInclude Include="TColorCtrl.h">
      <Filter>Header Files</Filter>
    </ClInclude>
    <ClInclude Include="TColorDlg.h">
      <Filter>Header Files</Filter>
    </ClInclude>
    <ClInclude Include="TComboBox.h">
      <Filter>Header Files</Filter>
    </ClInclude>
    <ClInclude Include="TControlBar.h">
      <Filter>Header Files</Filter>
    </ClInclude>
    <ClInclude Include="TDockBar.h">
      <Filter>Header Files</Filter>
    </ClInclude>
    <ClInclude Include="TEdit.h">
      <Filter>Header Files</Filter>
    </ClInclude>
    <ClInclude Include="THookSink.h">
      <Filter>Header Files</Filter>
    </ClInclude>
    <ClInclude Include="TIntegrityCheckSum.h">
      <Filter>Header Files</Filter>
    </ClInclude>
    <ClInclude Include="TLocalization.h">
      <Filter>Header Files</Filter>
    </ClInclude>
    <ClInclude Include="TMemoryDC.h">
      <Filter>Header Files</Filter>
    </ClInclude>
    <ClInclude Include="TMenuControlBar.h">
      <Filter>Header Files</Filter>
    </ClInclude>
    <ClInclude Include="TMfcDef.h">
      <Filter>Header Files</Filter>
    </ClInclude>
    <ClInclude Include="TMiniDockFrameWnd.h">
      <Filter>Header Files</Filter>
    </ClInclude>
    <ClInclude Include="TPaintManager.h">
      <Filter>Header Files</Filter>
    </ClInclude>
    <ClInclude Include="TPopupMenuWnd.h">
      <Filter>Header Files</Filter>
    </ClInclude>
    <ClInclude Include="TResizableDialog.h">
      <Filter>Header Files</Filter>
    </ClInclude>
    <ClInclude Include="TShell.h">
      <Filter>Header Files</Filter>
    </ClInclude>
    <ClInclude Include="TStatusControlBar.h">
      <Filter>Header Files</Filter>
    </ClInclude>
    <ClInclude Include="TTabControlBar.h">
      <Filter>Header Files</Filter>
    </ClInclude>
    <ClInclude Include="TTabCtrl.h">
      <Filter>Header Files</Filter>
    </ClInclude>
    <ClInclude Include="TTempl.h">
      <Filter>Header Files</Filter>
    </ClInclude>
    <ClInclude Include="TToolControlBar.h">
      <Filter>Header Files</Filter>
    </ClInclude>
    <ClInclude Include="TUI.h">
      <Filter>Header Files</Filter>
    </ClInclude>
  </ItemGroup>
  <ItemGroup>
    <Text Include="ReadMe.txt" />
  </ItemGroup>
  <ItemGroup>
    <ResourceCompile Include="TachyonControl.rc" />
  </ItemGroup>
</Project>